
Microsoft Visual Studio Solution File, Format Version 12.00
# Visual Studio 15
VisualStudioVersion = 15.0.28307.705
MinimumVisualStudioVersion = 10.0.40219.1
Project("{FAE04EC0-301F-11D3-BF4B-00C04F79EFBC}") = "MessengerService2", "MessengerService2\MessengerService2.csproj", "{EC58BECD-3C8A-4DC5-8676-F7EBC1C1E633}"
EndProject
Global
	GlobalSection(SolutionConfigurationPlatforms) = preSolution
		Debug|Any CPU = Debug|Any CPU
		Release|Any CPU = Release|Any CPU
	EndGlobalSection
	GlobalSection(ProjectConfigurationPlatforms) = postSolution
		{EC58BECD-3C8A-4DC5-8676-F7EBC1C1E633}.Debug|Any CPU.ActiveCfg = Debug|Any CPU
		{EC58BECD-3C8A-4DC5-8676-F7EBC1C1E633}.Debug|Any CPU.Build.0 = Debug|Any CPU
		{EC58BECD-3C8A-4DC5-8676-F7EBC1C1E633}.Release|Any CPU.ActiveCfg = Release|Any CPU
		{EC58BECD-3C8A-4DC5-8676-F7EBC1C1E633}.Release|Any CPU.Build.0 = Release|Any CPU
	EndGlobalSection
	GlobalSection(SolutionProperties) = preSolution
		HideSolutionNode = FALSE
	EndGlobalSection
	GlobalSection(ExtensibilityGlobals) = postSolution
		SolutionGuid = {B58569A9-C5FF-4F56-B331-8C42D828D6DF}
	EndGlobalSection
EndGlobal
